
Microsoft Visual Studio Solution File, Format Version 12.00
# Visual Studio 15
VisualStudioVersion = 15.0.28307.902
MinimumVisualStudioVersion = 10.0.40219.1
Project("{8BC9CEB8-8B4A-11D0-8D11-00A0C91BC942}") = "1.4.1", "1.4.1\1.4.1.vcxproj", "{15E21C06-D5D4-4228-88D5-41A4D708C388}"
EndProject
Global
	GlobalSection(SolutionConfigurationPlatforms) = preSolution
		Debug|x64 = Debug|x64
		Debug|x86 = Debug|x86
		Release|x64 = Release|x64
		Release|x86 = Release|x86
	EndGlobalSection
	GlobalSection(ProjectConfigurationPlatforms) = postSolution
		{15E21C06-D5D4-4228-88D5-41A4D708C388}.Debug|x64.ActiveCfg = Debug|x64
		{15E21C06-D5D4-4228-88D5-41A4D708C388}.Debug|x64.Build.0 = Debug|x64
		{15E21C06-D5D4-4228-88D5-41A4D708C388}.Debug|x86.ActiveCfg = Debug|Win32
		{15E21C06-D5D4-4228-88D5-41A4D708C388}.Debug|x86.Build.0 = Debug|Win32
		{15E21C06-D5D4-4228-88D5-41A4D708C388}.Release|x64.ActiveCfg = Release|x64
		{15E21C06-D5D4-4228-88D5-41A4D708C388}.Release|x64.Build.0 = Release|x64
		{15E21C06-D5D4-4228-88D5-41A4D708C388}.Release|x86.ActiveCfg = Release|Win32
		{15E21C06-D5D4-4228-88D5-41A4D708C388}.Release|x86.Build.0 = Release|Win32
	EndGlobalSection
	GlobalSection(SolutionProperties) = preSolution
		HideSolutionNode = FALSE
	EndGlobalSection
	GlobalSection(ExtensibilityGlobals) = postSolution
		SolutionGuid = {E7F705D0-FF74-4A7E-A67A-0C4C4695AA4D}
	EndGlobalSection
EndGlobal
