
Microsoft Visual Studio Solution File, Format Version 12.00
# Visual Studio 15
VisualStudioVersion = 15.0.28307.1062
MinimumVisualStudioVersion = 10.0.40219.1
Project("{8BC9CEB8-8B4A-11D0-8D11-00A0C91BC942}") = "1.4.1", "1.4.1\1.4.1.vcxproj", "{1CFC42FE-4CE1-4B44-B061-5F2A2B0A305D}"
EndProject
Global
	GlobalSection(SolutionConfigurationPlatforms) = preSolution
		Debug|x64 = Debug|x64
		Debug|x86 = Debug|x86
		Release|x64 = Release|x64
		Release|x86 = Release|x86
	EndGlobalSection
	GlobalSection(ProjectConfigurationPlatforms) = postSolution
		{1CFC42FE-4CE1-4B44-B061-5F2A2B0A305D}.Debug|x64.ActiveCfg = Debug|x64
		{1CFC42FE-4CE1-4B44-B061-5F2A2B0A305D}.Debug|x64.Build.0 = Debug|x64
		{1CFC42FE-4CE1-4B44-B061-5F2A2B0A305D}.Debug|x86.ActiveCfg = Debug|Win32
		{1CFC42FE-4CE1-4B44-B061-5F2A2B0A305D}.Debug|x86.Build.0 = Debug|Win32
		{1CFC42FE-4CE1-4B44-B061-5F2A2B0A305D}.Release|x64.ActiveCfg = Release|x64
		{1CFC42FE-4CE1-4B44-B061-5F2A2B0A305D}.Release|x64.Build.0 = Release|x64
		{1CFC42FE-4CE1-4B44-B061-5F2A2B0A305D}.Release|x86.ActiveCfg = Release|Win32
		{1CFC42FE-4CE1-4B44-B061-5F2A2B0A305D}.Release|x86.Build.0 = Release|Win32
	EndGlobalSection
	GlobalSection(SolutionProperties) = preSolution
		HideSolutionNode = FALSE
	EndGlobalSection
	GlobalSection(ExtensibilityGlobals) = postSolution
		SolutionGuid = {CB0FE901-1779-4CF2-9A3B-55B63DA23FA6}
	EndGlobalSection
EndGlobal
